
Microsoft Visual Studio Solution File, Format Version 12.00
# Visual Studio Version 16
VisualStudioVersion = 16.0.30503.244
MinimumVisualStudioVersion = 10.0.40219.1
Project("{FAE04EC0-301F-11D3-BF4B-00C04F79EFBC}") = "01. Sort Numbers", "01. Sort Numbers\01. Sort Numbers.csproj", "{F63321C9-49FD-4F0D-9D6C-1B0C4F2974EF}"
EndProject
Project("{FAE04EC0-301F-11D3-BF4B-00C04F79EFBC}") = "02. English Name of the Last Digit", "02. English Name of the Last Digit\02. English Name of the Last Digit.csproj", "{4606A76D-CA9D-4976-A8B2-8618C43F44C6}"
EndProject
Project("{FAE04EC0-301F-11D3-BF4B-00C04F79EFBC}") = "03. Gaming Store", "03. Gaming Store\03. Gaming Store.csproj", "{87F894D4-2BB9-499F-B6FA-8F6EE63B7DF5}"
EndProject
Project("{FAE04EC0-301F-11D3-BF4B-00C04F79EFBC}") = "04. Reverse String", "04. Reverse String\04. Reverse String.csproj", "{3345C617-7429-490E-9D97-716BD0015AF2}"
EndProject
Project("{FAE04EC0-301F-11D3-BF4B-00C04F79EFBC}") = "05. Messages", "05. Messages\05. Messages.csproj", "{5B3B6FE2-CD0D-438A-9835-36D1329292A1}"
EndProject
Global
	GlobalSection(SolutionConfigurationPlatforms) = preSolution
		Debug|Any CPU = Debug|Any CPU
		Release|Any CPU = Release|Any CPU
	EndGlobalSection
	GlobalSection(ProjectConfigurationPlatforms) = postSolution
		{F63321C9-49FD-4F0D-9D6C-1B0C4F2974EF}.Debug|Any CPU.ActiveCfg = Debug|Any CPU
		{F63321C9-49FD-4F0D-9D6C-1B0C4F2974EF}.Debug|Any CPU.Build.0 = Debug|Any CPU
		{F63321C9-49FD-4F0D-9D6C-1B0C4F2974EF}.Release|Any CPU.ActiveCfg = Release|Any CPU
		{F63321C9-49FD-4F0D-9D6C-1B0C4F2974EF}.Release|Any CPU.Build.0 = Release|Any CPU
		{4606A76D-CA9D-4976-A8B2-8618C43F44C6}.Debug|Any CPU.ActiveCfg = Debug|Any CPU
		{4606A76D-CA9D-4976-A8B2-8618C43F44C6}.Debug|Any CPU.Build.0 = Debug|Any CPU
		{4606A76D-CA9D-4976-A8B2-8618C43F44C6}.Release|Any CPU.ActiveCfg = Release|Any CPU
		{4606A76D-CA9D-4976-A8B2-8618C43F44C6}.Release|Any CPU.Build.0 = Release|Any CPU
		{87F894D4-2BB9-499F-B6FA-8F6EE63B7DF5}.Debug|Any CPU.ActiveCfg = Debug|Any CPU
		{87F894D4-2BB9-499F-B6FA-8F6EE63B7DF5}.Debug|Any CPU.Build.0 = Debug|Any CPU
		{87F894D4-2BB9-499F-B6FA-8F6EE63B7DF5}.Release|Any CPU.ActiveCfg = Release|Any CPU
		{87F894D4-2BB9-499F-B6FA-8F6EE63B7DF5}.Release|Any CPU.Build.0 = Release|Any CPU
		{3345C617-7429-490E-9D97-716BD0015AF2}.Debug|Any CPU.ActiveCfg = Debug|Any CPU
		{3345C617-7429-490E-9D97-716BD0015AF2}.Debug|Any CPU.Build.0 = Debug|Any CPU
		{3345C617-7429-490E-9D97-716BD0015AF2}.Release|Any CPU.ActiveCfg = Release|Any CPU
		{3345C617-7429-490E-9D97-716BD0015AF2}.Release|Any CPU.Build.0 = Release|Any CPU
		{5B3B6FE2-CD0D-438A-9835-36D1329292A1}.Debug|Any CPU.ActiveCfg = Debug|Any CPU
		{5B3B6FE2-CD0D-438A-9835-36D1329292A1}.Debug|Any CPU.Build.0 = Debug|Any CPU
		{5B3B6FE2-CD0D-438A-9835-36D1329292A1}.Release|Any CPU.ActiveCfg = Release|Any CPU
		{5B3B6FE2-CD0D-438A-9835-36D1329292A1}.Release|Any CPU.Build.0 = Release|Any CPU
	EndGlobalSection
	GlobalSection(SolutionProperties) = preSolution
		HideSolutionNode = FALSE
	EndGlobalSection
	GlobalSection(ExtensibilityGlobals) = postSolution
		SolutionGuid = {59F15150-44CB-44C6-9067-1A3C26914728}
	EndGlobalSection
EndGlobal
