
Microsoft Visual Studio Solution File, Format Version 12.00
# Visual Studio Version 16
VisualStudioVersion = 16.0.31129.286
MinimumVisualStudioVersion = 10.0.40219.1
Project("{FAE04EC0-301F-11D3-BF4B-00C04F79EFBC}") = "HttpDemo", "HttpDemo\HttpDemo.csproj", "{DA81A36C-90A0-4D67-A417-36782166734E}"
EndProject
Global
	GlobalSection(SolutionConfigurationPlatforms) = preSolution
		Debug|Any CPU = Debug|Any CPU
		Release|Any CPU = Release|Any CPU
	EndGlobalSection
	GlobalSection(ProjectConfigurationPlatforms) = postSolution
		{DA81A36C-90A0-4D67-A417-36782166734E}.Debug|Any CPU.ActiveCfg = Debug|Any CPU
		{DA81A36C-90A0-4D67-A417-36782166734E}.Debug|Any CPU.Build.0 = Debug|Any CPU
		{DA81A36C-90A0-4D67-A417-36782166734E}.Release|Any CPU.ActiveCfg = Release|Any CPU
		{DA81A36C-90A0-4D67-A417-36782166734E}.Release|Any CPU.Build.0 = Release|Any CPU
	EndGlobalSection
	GlobalSection(SolutionProperties) = preSolution
		HideSolutionNode = FALSE
	EndGlobalSection
	GlobalSection(ExtensibilityGlobals) = postSolution
		SolutionGuid = {A240758A-F8D2-40A2-9544-16EC58556F35}
	EndGlobalSection
EndGlobal
