
Microsoft Visual Studio Solution File, Format Version 12.00
# Visual Studio Version 16
VisualStudioVersion = 16.0.31129.286
MinimumVisualStudioVersion = 10.0.40219.1
Project("{FAE04EC0-301F-11D3-BF4B-00C04F79EFBC}") = "P01_StudentSystem", "P01_StudentSystem\P01_StudentSystem.csproj", "{0D7CE8DF-B86C-4C6F-A454-03E1F042131D}"
EndProject
Project("{FAE04EC0-301F-11D3-BF4B-00C04F79EFBC}") = "P03_FootballBetting", "P03_FootballBetting\P03_FootballBetting.csproj", "{458E258A-6890-4BC1-BB67-5EE86FC88CDE}"
EndProject
Global
	GlobalSection(SolutionConfigurationPlatforms) = preSolution
		Debug|Any CPU = Debug|Any CPU
		Release|Any CPU = Release|Any CPU
	EndGlobalSection
	GlobalSection(ProjectConfigurationPlatforms) = postSolution
		{0D7CE8DF-B86C-4C6F-A454-03E1F042131D}.Debug|Any CPU.ActiveCfg = Debug|Any CPU
		{0D7CE8DF-B86C-4C6F-A454-03E1F042131D}.Debug|Any CPU.Build.0 = Debug|Any CPU
		{0D7CE8DF-B86C-4C6F-A454-03E1F042131D}.Release|Any CPU.ActiveCfg = Release|Any CPU
		{0D7CE8DF-B86C-4C6F-A454-03E1F042131D}.Release|Any CPU.Build.0 = Release|Any CPU
		{458E258A-6890-4BC1-BB67-5EE86FC88CDE}.Debug|Any CPU.ActiveCfg = Debug|Any CPU
		{458E258A-6890-4BC1-BB67-5EE86FC88CDE}.Debug|Any CPU.Build.0 = Debug|Any CPU
		{458E258A-6890-4BC1-BB67-5EE86FC88CDE}.Release|Any CPU.ActiveCfg = Release|Any CPU
		{458E258A-6890-4BC1-BB67-5EE86FC88CDE}.Release|Any CPU.Build.0 = Release|Any CPU
	EndGlobalSection
	GlobalSection(SolutionProperties) = preSolution
		HideSolutionNode = FALSE
	EndGlobalSection
	GlobalSection(ExtensibilityGlobals) = postSolution
		SolutionGuid = {25DDFBC1-CCEE-43F1-8854-BBD116C87EBA}
	EndGlobalSection
EndGlobal
