
Microsoft Visual Studio Solution File, Format Version 12.00
# Visual Studio Version 16
VisualStudioVersion = 16.0.30907.101
MinimumVisualStudioVersion = 10.0.40219.1
Project("{9A19103F-16F7-4668-BE54-9A1E7A4F7556}") = "ClassBoxData", "ClassBoxData\ClassBoxData.csproj", "{ECDF10C6-1936-4A57-A4DA-6B551CE7A511}"
EndProject
Project("{9A19103F-16F7-4668-BE54-9A1E7A4F7556}") = "AnimalFarm", "AnimalFarm\AnimalFarm.csproj", "{BF318AB9-8944-40E5-9227-EE329621EB9E}"
EndProject
Project("{FAE04EC0-301F-11D3-BF4B-00C04F79EFBC}") = "ShoppingSpree", "ShoppingSpree\ShoppingSpree.csproj", "{B9C4111E-4325-4EE6-BE94-D9D1ABACB67E}"
EndProject
Project("{FAE04EC0-301F-11D3-BF4B-00C04F79EFBC}") = "PizzaCalories", "PizzaCalories\PizzaCalories.csproj", "{589D3954-231B-4486-90A6-C3F832165E05}"
EndProject
Project("{FAE04EC0-301F-11D3-BF4B-00C04F79EFBC}") = "FootballTeamGenerator", "FootballTeamGenerator\FootballTeamGenerator.csproj", "{BE126FEC-CEA0-49FA-81EA-6E42F061C98F}"
EndProject
Global
	GlobalSection(SolutionConfigurationPlatforms) = preSolution
		Debug|Any CPU = Debug|Any CPU
		Release|Any CPU = Release|Any CPU
	EndGlobalSection
	GlobalSection(ProjectConfigurationPlatforms) = postSolution
		{ECDF10C6-1936-4A57-A4DA-6B551CE7A511}.Debug|Any CPU.ActiveCfg = Debug|Any CPU
		{ECDF10C6-1936-4A57-A4DA-6B551CE7A511}.Debug|Any CPU.Build.0 = Debug|Any CPU
		{ECDF10C6-1936-4A57-A4DA-6B551CE7A511}.Release|Any CPU.ActiveCfg = Release|Any CPU
		{ECDF10C6-1936-4A57-A4DA-6B551CE7A511}.Release|Any CPU.Build.0 = Release|Any CPU
		{BF318AB9-8944-40E5-9227-EE329621EB9E}.Debug|Any CPU.ActiveCfg = Debug|Any CPU
		{BF318AB9-8944-40E5-9227-EE329621EB9E}.Debug|Any CPU.Build.0 = Debug|Any CPU
		{BF318AB9-8944-40E5-9227-EE329621EB9E}.Release|Any CPU.ActiveCfg = Release|Any CPU
		{BF318AB9-8944-40E5-9227-EE329621EB9E}.Release|Any CPU.Build.0 = Release|Any CPU
		{B9C4111E-4325-4EE6-BE94-D9D1ABACB67E}.Debug|Any CPU.ActiveCfg = Debug|Any CPU
		{B9C4111E-4325-4EE6-BE94-D9D1ABACB67E}.Debug|Any CPU.Build.0 = Debug|Any CPU
		{B9C4111E-4325-4EE6-BE94-D9D1ABACB67E}.Release|Any CPU.ActiveCfg = Release|Any CPU
		{B9C4111E-4325-4EE6-BE94-D9D1ABACB67E}.Release|Any CPU.Build.0 = Release|Any CPU
		{589D3954-231B-4486-90A6-C3F832165E05}.Debug|Any CPU.ActiveCfg = Debug|Any CPU
		{589D3954-231B-4486-90A6-C3F832165E05}.Debug|Any CPU.Build.0 = Debug|Any CPU
		{589D3954-231B-4486-90A6-C3F832165E05}.Release|Any CPU.ActiveCfg = Release|Any CPU
		{589D3954-231B-4486-90A6-C3F832165E05}.Release|Any CPU.Build.0 = Release|Any CPU
		{BE126FEC-CEA0-49FA-81EA-6E42F061C98F}.Debug|Any CPU.ActiveCfg = Debug|Any CPU
		{BE126FEC-CEA0-49FA-81EA-6E42F061C98F}.Debug|Any CPU.Build.0 = Debug|Any CPU
		{BE126FEC-CEA0-49FA-81EA-6E42F061C98F}.Release|Any CPU.ActiveCfg = Release|Any CPU
		{BE126FEC-CEA0-49FA-81EA-6E42F061C98F}.Release|Any CPU.Build.0 = Release|Any CPU
	EndGlobalSection
	GlobalSection(SolutionProperties) = preSolution
		HideSolutionNode = FALSE
	EndGlobalSection
	GlobalSection(ExtensibilityGlobals) = postSolution
		SolutionGuid = {A6C9723A-1C0A-493A-A3AF-E239DC44ACF4}
	EndGlobalSection
EndGlobal
