
Microsoft Visual Studio Solution File, Format Version 12.00
# Visual Studio Version 16
VisualStudioVersion = 16.0.30907.101
MinimumVisualStudioVersion = 10.0.40219.1
Project("{FAE04EC0-301F-11D3-BF4B-00C04F79EFBC}") = "Operations", "Operations\Operations.csproj", "{1B6A0AD3-206E-44C1-96FF-7BC95F4C7588}"
EndProject
Project("{FAE04EC0-301F-11D3-BF4B-00C04F79EFBC}") = "Animals", "Animals\Animals.csproj", "{D2FA0B68-71BE-4A3C-B2C0-AACF391F452A}"
EndProject
Project("{FAE04EC0-301F-11D3-BF4B-00C04F79EFBC}") = "Shapes", "Shapes\Shapes.csproj", "{D1E59A48-82D4-493A-95C1-C6DCFF82E877}"
EndProject
Global
	GlobalSection(SolutionConfigurationPlatforms) = preSolution
		Debug|Any CPU = Debug|Any CPU
		Release|Any CPU = Release|Any CPU
	EndGlobalSection
	GlobalSection(ProjectConfigurationPlatforms) = postSolution
		{1B6A0AD3-206E-44C1-96FF-7BC95F4C7588}.Debug|Any CPU.ActiveCfg = Debug|Any CPU
		{1B6A0AD3-206E-44C1-96FF-7BC95F4C7588}.Debug|Any CPU.Build.0 = Debug|Any CPU
		{1B6A0AD3-206E-44C1-96FF-7BC95F4C7588}.Release|Any CPU.ActiveCfg = Release|Any CPU
		{1B6A0AD3-206E-44C1-96FF-7BC95F4C7588}.Release|Any CPU.Build.0 = Release|Any CPU
		{D2FA0B68-71BE-4A3C-B2C0-AACF391F452A}.Debug|Any CPU.ActiveCfg = Debug|Any CPU
		{D2FA0B68-71BE-4A3C-B2C0-AACF391F452A}.Debug|Any CPU.Build.0 = Debug|Any CPU
		{D2FA0B68-71BE-4A3C-B2C0-AACF391F452A}.Release|Any CPU.ActiveCfg = Release|Any CPU
		{D2FA0B68-71BE-4A3C-B2C0-AACF391F452A}.Release|Any CPU.Build.0 = Release|Any CPU
		{D1E59A48-82D4-493A-95C1-C6DCFF82E877}.Debug|Any CPU.ActiveCfg = Debug|Any CPU
		{D1E59A48-82D4-493A-95C1-C6DCFF82E877}.Debug|Any CPU.Build.0 = Debug|Any CPU
		{D1E59A48-82D4-493A-95C1-C6DCFF82E877}.Release|Any CPU.ActiveCfg = Release|Any CPU
		{D1E59A48-82D4-493A-95C1-C6DCFF82E877}.Release|Any CPU.Build.0 = Release|Any CPU
	EndGlobalSection
	GlobalSection(SolutionProperties) = preSolution
		HideSolutionNode = FALSE
	EndGlobalSection
	GlobalSection(ExtensibilityGlobals) = postSolution
		SolutionGuid = {A0068FD4-A972-44A3-984E-DB5C828411F6}
	EndGlobalSection
EndGlobal
