
Microsoft Visual Studio Solution File, Format Version 12.00
# Visual Studio Version 16
VisualStudioVersion = 16.0.30621.155
MinimumVisualStudioVersion = 10.0.40219.1
Project("{FAE04EC0-301F-11D3-BF4B-00C04F79EFBC}") = "1. Reverse Strings", "1. Reverse Strings\1. Reverse Strings.csproj", "{AD3FAA8D-446A-4A6C-AB4A-D240BA19F4F4}"
EndProject
Project("{FAE04EC0-301F-11D3-BF4B-00C04F79EFBC}") = "2. Stack Sum", "2. Stack Sum\2. Stack Sum.csproj", "{B24FCE59-29A8-442F-9611-C9EB4FDD6298}"
EndProject
Project("{FAE04EC0-301F-11D3-BF4B-00C04F79EFBC}") = "3. Simple Calculator", "3. Simple Calculator\3. Simple Calculator.csproj", "{C2A22ED7-35E0-4E07-A448-9A21E0E22B63}"
EndProject
Project("{FAE04EC0-301F-11D3-BF4B-00C04F79EFBC}") = "4. Matching Brackets", "4. Matching Brackets\4. Matching Brackets.csproj", "{0138A927-9B5E-430F-9E7A-D563E1B7060B}"
EndProject
Project("{FAE04EC0-301F-11D3-BF4B-00C04F79EFBC}") = "5. Print Even Numbers", "5. Print Even Numbers\5. Print Even Numbers.csproj", "{67E9618A-148A-4629-8F57-139727DDABE3}"
EndProject
Project("{FAE04EC0-301F-11D3-BF4B-00C04F79EFBC}") = "6. Supermarket", "6. Supermarket\6. Supermarket.csproj", "{420DCCBC-49D4-4820-A7FF-B57B2C5959CA}"
EndProject
Project("{FAE04EC0-301F-11D3-BF4B-00C04F79EFBC}") = "7. Hot Potato", "7. Hot Potato\7. Hot Potato.csproj", "{820EFBB9-72DE-4D7D-BBDE-089493B3C3B6}"
EndProject
Project("{FAE04EC0-301F-11D3-BF4B-00C04F79EFBC}") = "8. Traffic Jam", "8. Traffic Jam\8. Traffic Jam.csproj", "{0D8858BF-507D-4181-9D24-D7CE54CCC66F}"
EndProject
Global
	GlobalSection(SolutionConfigurationPlatforms) = preSolution
		Debug|Any CPU = Debug|Any CPU
		Release|Any CPU = Release|Any CPU
	EndGlobalSection
	GlobalSection(ProjectConfigurationPlatforms) = postSolution
		{AD3FAA8D-446A-4A6C-AB4A-D240BA19F4F4}.Debug|Any CPU.ActiveCfg = Debug|Any CPU
		{AD3FAA8D-446A-4A6C-AB4A-D240BA19F4F4}.Debug|Any CPU.Build.0 = Debug|Any CPU
		{AD3FAA8D-446A-4A6C-AB4A-D240BA19F4F4}.Release|Any CPU.ActiveCfg = Release|Any CPU
		{AD3FAA8D-446A-4A6C-AB4A-D240BA19F4F4}.Release|Any CPU.Build.0 = Release|Any CPU
		{B24FCE59-29A8-442F-9611-C9EB4FDD6298}.Debug|Any CPU.ActiveCfg = Debug|Any CPU
		{B24FCE59-29A8-442F-9611-C9EB4FDD6298}.Debug|Any CPU.Build.0 = Debug|Any CPU
		{B24FCE59-29A8-442F-9611-C9EB4FDD6298}.Release|Any CPU.ActiveCfg = Release|Any CPU
		{B24FCE59-29A8-442F-9611-C9EB4FDD6298}.Release|Any CPU.Build.0 = Release|Any CPU
		{C2A22ED7-35E0-4E07-A448-9A21E0E22B63}.Debug|Any CPU.ActiveCfg = Debug|Any CPU
		{C2A22ED7-35E0-4E07-A448-9A21E0E22B63}.Debug|Any CPU.Build.0 = Debug|Any CPU
		{C2A22ED7-35E0-4E07-A448-9A21E0E22B63}.Release|Any CPU.ActiveCfg = Release|Any CPU
		{C2A22ED7-35E0-4E07-A448-9A21E0E22B63}.Release|Any CPU.Build.0 = Release|Any CPU
		{0138A927-9B5E-430F-9E7A-D563E1B7060B}.Debug|Any CPU.ActiveCfg = Debug|Any CPU
		{0138A927-9B5E-430F-9E7A-D563E1B7060B}.Debug|Any CPU.Build.0 = Debug|Any CPU
		{0138A927-9B5E-430F-9E7A-D563E1B7060B}.Release|Any CPU.ActiveCfg = Release|Any CPU
		{0138A927-9B5E-430F-9E7A-D563E1B7060B}.Release|Any CPU.Build.0 = Release|Any CPU
		{67E9618A-148A-4629-8F57-139727DDABE3}.Debug|Any CPU.ActiveCfg = Debug|Any CPU
		{67E9618A-148A-4629-8F57-139727DDABE3}.Debug|Any CPU.Build.0 = Debug|Any CPU
		{67E9618A-148A-4629-8F57-139727DDABE3}.Release|Any CPU.ActiveCfg = Release|Any CPU
		{67E9618A-148A-4629-8F57-139727DDABE3}.Release|Any CPU.Build.0 = Release|Any CPU
		{420DCCBC-49D4-4820-A7FF-B57B2C5959CA}.Debug|Any CPU.ActiveCfg = Debug|Any CPU
		{420DCCBC-49D4-4820-A7FF-B57B2C5959CA}.Debug|Any CPU.Build.0 = Debug|Any CPU
		{420DCCBC-49D4-4820-A7FF-B57B2C5959CA}.Release|Any CPU.ActiveCfg = Release|Any CPU
		{420DCCBC-49D4-4820-A7FF-B57B2C5959CA}.Release|Any CPU.Build.0 = Release|Any CPU
		{820EFBB9-72DE-4D7D-BBDE-089493B3C3B6}.Debug|Any CPU.ActiveCfg = Debug|Any CPU
		{820EFBB9-72DE-4D7D-BBDE-089493B3C3B6}.Debug|Any CPU.Build.0 = Debug|Any CPU
		{820EFBB9-72DE-4D7D-BBDE-089493B3C3B6}.Release|Any CPU.ActiveCfg = Release|Any CPU
		{820EFBB9-72DE-4D7D-BBDE-089493B3C3B6}.Release|Any CPU.Build.0 = Release|Any CPU
		{0D8858BF-507D-4181-9D24-D7CE54CCC66F}.Debug|Any CPU.ActiveCfg = Debug|Any CPU
		{0D8858BF-507D-4181-9D24-D7CE54CCC66F}.Debug|Any CPU.Build.0 = Debug|Any CPU
		{0D8858BF-507D-4181-9D24-D7CE54CCC66F}.Release|Any CPU.ActiveCfg = Release|Any CPU
		{0D8858BF-507D-4181-9D24-D7CE54CCC66F}.Release|Any CPU.Build.0 = Release|Any CPU
	EndGlobalSection
	GlobalSection(SolutionProperties) = preSolution
		HideSolutionNode = FALSE
	EndGlobalSection
	GlobalSection(ExtensibilityGlobals) = postSolution
		SolutionGuid = {78C4CFD5-FF45-4327-A91C-F6559D6D981F}
	EndGlobalSection
EndGlobal
