
Microsoft Visual Studio Solution File, Format Version 12.00
# Visual Studio Version 16
VisualStudioVersion = 16.0.30621.155
MinimumVisualStudioVersion = 10.0.40219.1
Project("{FAE04EC0-301F-11D3-BF4B-00C04F79EFBC}") = "01. Bonus Scoring System", "01. Bonus Scoring System\01. Bonus Scoring System.csproj", "{C3BBA4AA-1397-4DB0-A683-50406610AF37}"
EndProject
Project("{FAE04EC0-301F-11D3-BF4B-00C04F79EFBC}") = "02. MuOnline", "02. MuOnline\02. MuOnline.csproj", "{3538DA59-8396-4691-9107-27071FF8A67F}"
EndProject
Project("{FAE04EC0-301F-11D3-BF4B-00C04F79EFBC}") = "03. Inventory", "03. Inventory\03. Inventory.csproj", "{D088AED4-5651-4754-9DCB-0B134B519544}"
EndProject
Project("{FAE04EC0-301F-11D3-BF4B-00C04F79EFBC}") = "demo", "demo\demo.csproj", "{30E1412C-8F8B-4CC6-A1C6-638C5F5774F8}"
EndProject
Global
	GlobalSection(SolutionConfigurationPlatforms) = preSolution
		Debug|Any CPU = Debug|Any CPU
		Release|Any CPU = Release|Any CPU
	EndGlobalSection
	GlobalSection(ProjectConfigurationPlatforms) = postSolution
		{C3BBA4AA-1397-4DB0-A683-50406610AF37}.Debug|Any CPU.ActiveCfg = Debug|Any CPU
		{C3BBA4AA-1397-4DB0-A683-50406610AF37}.Debug|Any CPU.Build.0 = Debug|Any CPU
		{C3BBA4AA-1397-4DB0-A683-50406610AF37}.Release|Any CPU.ActiveCfg = Release|Any CPU
		{C3BBA4AA-1397-4DB0-A683-50406610AF37}.Release|Any CPU.Build.0 = Release|Any CPU
		{3538DA59-8396-4691-9107-27071FF8A67F}.Debug|Any CPU.ActiveCfg = Debug|Any CPU
		{3538DA59-8396-4691-9107-27071FF8A67F}.Debug|Any CPU.Build.0 = Debug|Any CPU
		{3538DA59-8396-4691-9107-27071FF8A67F}.Release|Any CPU.ActiveCfg = Release|Any CPU
		{3538DA59-8396-4691-9107-27071FF8A67F}.Release|Any CPU.Build.0 = Release|Any CPU
		{D088AED4-5651-4754-9DCB-0B134B519544}.Debug|Any CPU.ActiveCfg = Debug|Any CPU
		{D088AED4-5651-4754-9DCB-0B134B519544}.Debug|Any CPU.Build.0 = Debug|Any CPU
		{D088AED4-5651-4754-9DCB-0B134B519544}.Release|Any CPU.ActiveCfg = Release|Any CPU
		{D088AED4-5651-4754-9DCB-0B134B519544}.Release|Any CPU.Build.0 = Release|Any CPU
		{30E1412C-8F8B-4CC6-A1C6-638C5F5774F8}.Debug|Any CPU.ActiveCfg = Debug|Any CPU
		{30E1412C-8F8B-4CC6-A1C6-638C5F5774F8}.Debug|Any CPU.Build.0 = Debug|Any CPU
		{30E1412C-8F8B-4CC6-A1C6-638C5F5774F8}.Release|Any CPU.ActiveCfg = Release|Any CPU
		{30E1412C-8F8B-4CC6-A1C6-638C5F5774F8}.Release|Any CPU.Build.0 = Release|Any CPU
	EndGlobalSection
	GlobalSection(SolutionProperties) = preSolution
		HideSolutionNode = FALSE
	EndGlobalSection
	GlobalSection(ExtensibilityGlobals) = postSolution
		SolutionGuid = {4EFFE56C-E6BE-4755-8A74-CEDA9B57E075}
	EndGlobalSection
EndGlobal
