
Microsoft Visual Studio Solution File, Format Version 12.00
# Visual Studio Version 17
VisualStudioVersion = 17.0.32014.148
MinimumVisualStudioVersion = 10.0.40219.1
Project("{9A19103F-16F7-4668-BE54-9A1E7A4F7556}") = "BasicWebServer.Demo", "BasicWebServer\BasicWebServer.Demo.csproj", "{9ED27D0C-CEC8-48F1-B6AB-0C5A8905DACA}"
EndProject
Project("{9A19103F-16F7-4668-BE54-9A1E7A4F7556}") = "BasicWebServer.Server", "BasicWebServer.Server\BasicWebServer.Server.csproj", "{D3F2AA9D-C6E8-4F69-A16A-B8464E792757}"
EndProject
Project("{FAE04EC0-301F-11D3-BF4B-00C04F79EFBC}") = "Chronometer", "Chronometer\Chronometer.csproj", "{F588E22A-68B8-464A-942D-FFCF00D8BAC5}"
EndProject
Global
	GlobalSection(SolutionConfigurationPlatforms) = preSolution
		Debug|Any CPU = Debug|Any CPU
		Release|Any CPU = Release|Any CPU
	EndGlobalSection
	GlobalSection(ProjectConfigurationPlatforms) = postSolution
		{9ED27D0C-CEC8-48F1-B6AB-0C5A8905DACA}.Debug|Any CPU.ActiveCfg = Debug|Any CPU
		{9ED27D0C-CEC8-48F1-B6AB-0C5A8905DACA}.Debug|Any CPU.Build.0 = Debug|Any CPU
		{9ED27D0C-CEC8-48F1-B6AB-0C5A8905DACA}.Release|Any CPU.ActiveCfg = Release|Any CPU
		{9ED27D0C-CEC8-48F1-B6AB-0C5A8905DACA}.Release|Any CPU.Build.0 = Release|Any CPU
		{D3F2AA9D-C6E8-4F69-A16A-B8464E792757}.Debug|Any CPU.ActiveCfg = Debug|Any CPU
		{D3F2AA9D-C6E8-4F69-A16A-B8464E792757}.Debug|Any CPU.Build.0 = Debug|Any CPU
		{D3F2AA9D-C6E8-4F69-A16A-B8464E792757}.Release|Any CPU.ActiveCfg = Release|Any CPU
		{D3F2AA9D-C6E8-4F69-A16A-B8464E792757}.Release|Any CPU.Build.0 = Release|Any CPU
		{F588E22A-68B8-464A-942D-FFCF00D8BAC5}.Debug|Any CPU.ActiveCfg = Debug|Any CPU
		{F588E22A-68B8-464A-942D-FFCF00D8BAC5}.Debug|Any CPU.Build.0 = Debug|Any CPU
		{F588E22A-68B8-464A-942D-FFCF00D8BAC5}.Release|Any CPU.ActiveCfg = Release|Any CPU
		{F588E22A-68B8-464A-942D-FFCF00D8BAC5}.Release|Any CPU.Build.0 = Release|Any CPU
	EndGlobalSection
	GlobalSection(SolutionProperties) = preSolution
		HideSolutionNode = FALSE
	EndGlobalSection
	GlobalSection(ExtensibilityGlobals) = postSolution
		SolutionGuid = {69B59686-7155-4544-AE28-59A84A0A34E4}
	EndGlobalSection
EndGlobal
