
Microsoft Visual Studio Solution File, Format Version 12.00
# Visual Studio Version 16
VisualStudioVersion = 16.0.30621.155
MinimumVisualStudioVersion = 10.0.40219.1
Project("{FAE04EC0-301F-11D3-BF4B-00C04F79EFBC}") = "1. Winning Ticket", "1. Winning Ticket\1. Winning Ticket.csproj", "{3696B325-B46D-4BAF-AC32-6E29481E00EC}"
EndProject
Global
	GlobalSection(SolutionConfigurationPlatforms) = preSolution
		Debug|Any CPU = Debug|Any CPU
		Release|Any CPU = Release|Any CPU
	EndGlobalSection
	GlobalSection(ProjectConfigurationPlatforms) = postSolution
		{3696B325-B46D-4BAF-AC32-6E29481E00EC}.Debug|Any CPU.ActiveCfg = Debug|Any CPU
		{3696B325-B46D-4BAF-AC32-6E29481E00EC}.Debug|Any CPU.Build.0 = Debug|Any CPU
		{3696B325-B46D-4BAF-AC32-6E29481E00EC}.Release|Any CPU.ActiveCfg = Release|Any CPU
		{3696B325-B46D-4BAF-AC32-6E29481E00EC}.Release|Any CPU.Build.0 = Release|Any CPU
	EndGlobalSection
	GlobalSection(SolutionProperties) = preSolution
		HideSolutionNode = FALSE
	EndGlobalSection
	GlobalSection(ExtensibilityGlobals) = postSolution
		SolutionGuid = {12DAB50A-90EA-41A4-9DD3-A7CB825C9748}
	EndGlobalSection
EndGlobal
