
Microsoft Visual Studio Solution File, Format Version 12.00
# Visual Studio Version 16
VisualStudioVersion = 16.0.30523.141
MinimumVisualStudioVersion = 10.0.40219.1
Project("{FAE04EC0-301F-11D3-BF4B-00C04F79EFBC}") = "01. Data Types", "01. Data Types\01. Data Types.csproj", "{51B5ADC7-91A1-4037-A0A2-B48EFB689D94}"
EndProject
Project("{FAE04EC0-301F-11D3-BF4B-00C04F79EFBC}") = "02. Center Point", "02. Center Point\02. Center Point.csproj", "{ECA93E35-2CAB-48A7-9D52-694128437486}"
EndProject
Project("{FAE04EC0-301F-11D3-BF4B-00C04F79EFBC}") = "03. Longer Line", "03. Longer Line\03. Longer Line.csproj", "{2A9C5246-DB27-4A5B-87C5-603DC0692A7E}"
EndProject
Project("{FAE04EC0-301F-11D3-BF4B-00C04F79EFBC}") = "04. Tribonacci Sequence", "04. Tribonacci Sequence\04. Tribonacci Sequence.csproj", "{4EA31105-6FF4-421D-A898-A8ACC979DFF5}"
EndProject
Project("{FAE04EC0-301F-11D3-BF4B-00C04F79EFBC}") = "05. Multiplication Sign", "05. Multiplication Sign\05. Multiplication Sign.csproj", "{840146E1-C500-4BE7-8697-F7D3B5728277}"
EndProject
Global
	GlobalSection(SolutionConfigurationPlatforms) = preSolution
		Debug|Any CPU = Debug|Any CPU
		Release|Any CPU = Release|Any CPU
	EndGlobalSection
	GlobalSection(ProjectConfigurationPlatforms) = postSolution
		{51B5ADC7-91A1-4037-A0A2-B48EFB689D94}.Debug|Any CPU.ActiveCfg = Debug|Any CPU
		{51B5ADC7-91A1-4037-A0A2-B48EFB689D94}.Debug|Any CPU.Build.0 = Debug|Any CPU
		{51B5ADC7-91A1-4037-A0A2-B48EFB689D94}.Release|Any CPU.ActiveCfg = Release|Any CPU
		{51B5ADC7-91A1-4037-A0A2-B48EFB689D94}.Release|Any CPU.Build.0 = Release|Any CPU
		{ECA93E35-2CAB-48A7-9D52-694128437486}.Debug|Any CPU.ActiveCfg = Debug|Any CPU
		{ECA93E35-2CAB-48A7-9D52-694128437486}.Debug|Any CPU.Build.0 = Debug|Any CPU
		{ECA93E35-2CAB-48A7-9D52-694128437486}.Release|Any CPU.ActiveCfg = Release|Any CPU
		{ECA93E35-2CAB-48A7-9D52-694128437486}.Release|Any CPU.Build.0 = Release|Any CPU
		{2A9C5246-DB27-4A5B-87C5-603DC0692A7E}.Debug|Any CPU.ActiveCfg = Debug|Any CPU
		{2A9C5246-DB27-4A5B-87C5-603DC0692A7E}.Debug|Any CPU.Build.0 = Debug|Any CPU
		{2A9C5246-DB27-4A5B-87C5-603DC0692A7E}.Release|Any CPU.ActiveCfg = Release|Any CPU
		{2A9C5246-DB27-4A5B-87C5-603DC0692A7E}.Release|Any CPU.Build.0 = Release|Any CPU
		{4EA31105-6FF4-421D-A898-A8ACC979DFF5}.Debug|Any CPU.ActiveCfg = Debug|Any CPU
		{4EA31105-6FF4-421D-A898-A8ACC979DFF5}.Debug|Any CPU.Build.0 = Debug|Any CPU
		{4EA31105-6FF4-421D-A898-A8ACC979DFF5}.Release|Any CPU.ActiveCfg = Release|Any CPU
		{4EA31105-6FF4-421D-A898-A8ACC979DFF5}.Release|Any CPU.Build.0 = Release|Any CPU
		{840146E1-C500-4BE7-8697-F7D3B5728277}.Debug|Any CPU.ActiveCfg = Debug|Any CPU
		{840146E1-C500-4BE7-8697-F7D3B5728277}.Debug|Any CPU.Build.0 = Debug|Any CPU
		{840146E1-C500-4BE7-8697-F7D3B5728277}.Release|Any CPU.ActiveCfg = Release|Any CPU
		{840146E1-C500-4BE7-8697-F7D3B5728277}.Release|Any CPU.Build.0 = Release|Any CPU
	EndGlobalSection
	GlobalSection(SolutionProperties) = preSolution
		HideSolutionNode = FALSE
	EndGlobalSection
	GlobalSection(ExtensibilityGlobals) = postSolution
		SolutionGuid = {08D979BB-8D23-4F2A-B1FF-48818795DF67}
	EndGlobalSection
EndGlobal
